
Microsoft Visual Studio Solution File, Format Version 12.00
# Visual Studio Version 16
VisualStudioVersion = 16.0.31911.196
MinimumVisualStudioVersion = 10.0.40219.1
Project("{FAE04EC0-301F-11D3-BF4B-00C04F79EFBC}") = "ConsoleApp3", "ConsoleApp3\ConsoleApp3.csproj", "{6365D1F2-8F24-4108-922A-9FB2D2CC9059}"
EndProject
Global
	GlobalSection(SolutionConfigurationPlatforms) = preSolution
		Debug|Any CPU = Debug|Any CPU
		Release|Any CPU = Release|Any CPU
	EndGlobalSection
	GlobalSection(ProjectConfigurationPlatforms) = postSolution
		{6365D1F2-8F24-4108-922A-9FB2D2CC9059}.Debug|Any CPU.ActiveCfg = Debug|Any CPU
		{6365D1F2-8F24-4108-922A-9FB2D2CC9059}.Debug|Any CPU.Build.0 = Debug|Any CPU
		{6365D1F2-8F24-4108-922A-9FB2D2CC9059}.Release|Any CPU.ActiveCfg = Release|Any CPU
		{6365D1F2-8F24-4108-922A-9FB2D2CC9059}.Release|Any CPU.Build.0 = Release|Any CPU
	EndGlobalSection
	GlobalSection(SolutionProperties) = preSolution
		HideSolutionNode = FALSE
	EndGlobalSection
	GlobalSection(ExtensibilityGlobals) = postSolution
		SolutionGuid = {AC6D9FEB-C905-42FB-8728-F24921C75A9A}
	EndGlobalSection
EndGlobal
