
Microsoft Visual Studio Solution File, Format Version 12.00
# Visual Studio Version 16
VisualStudioVersion = 16.0.31911.196
MinimumVisualStudioVersion = 10.0.40219.1
Project("{FAE04EC0-301F-11D3-BF4B-00C04F79EFBC}") = "binarniy file", "binarniy file\binarniy file.csproj", "{BCC046E8-E4FB-4432-A619-E83BFC167044}"
EndProject
Global
	GlobalSection(SolutionConfigurationPlatforms) = preSolution
		Debug|Any CPU = Debug|Any CPU
		Release|Any CPU = Release|Any CPU
	EndGlobalSection
	GlobalSection(ProjectConfigurationPlatforms) = postSolution
		{BCC046E8-E4FB-4432-A619-E83BFC167044}.Debug|Any CPU.ActiveCfg = Debug|Any CPU
		{BCC046E8-E4FB-4432-A619-E83BFC167044}.Debug|Any CPU.Build.0 = Debug|Any CPU
		{BCC046E8-E4FB-4432-A619-E83BFC167044}.Release|Any CPU.ActiveCfg = Release|Any CPU
		{BCC046E8-E4FB-4432-A619-E83BFC167044}.Release|Any CPU.Build.0 = Release|Any CPU
	EndGlobalSection
	GlobalSection(SolutionProperties) = preSolution
		HideSolutionNode = FALSE
	EndGlobalSection
	GlobalSection(ExtensibilityGlobals) = postSolution
		SolutionGuid = {4A57FFE2-8EE4-47C8-AAF8-D396C2C8C957}
	EndGlobalSection
EndGlobal
